
Microsoft Visual Studio Solution File, Format Version 12.00
# Visual Studio Version 17
VisualStudioVersion = 17.7.34221.43
MinimumVisualStudioVersion = 10.0.40219.1
Project("{FAE04EC0-301F-11D3-BF4B-00C04F79EFBC}") = "proje_personel", "proje_personel\proje_personel.csproj", "{CCCE8CDD-1C79-40A6-81A9-64BBBD5B1977}"
EndProject
Global
	GlobalSection(SolutionConfigurationPlatforms) = preSolution
		Debug|Any CPU = Debug|Any CPU
		Release|Any CPU = Release|Any CPU
	EndGlobalSection
	GlobalSection(ProjectConfigurationPlatforms) = postSolution
		{CCCE8CDD-1C79-40A6-81A9-64BBBD5B1977}.Debug|Any CPU.ActiveCfg = Debug|Any CPU
		{CCCE8CDD-1C79-40A6-81A9-64BBBD5B1977}.Debug|Any CPU.Build.0 = Debug|Any CPU
		{CCCE8CDD-1C79-40A6-81A9-64BBBD5B1977}.Release|Any CPU.ActiveCfg = Release|Any CPU
		{CCCE8CDD-1C79-40A6-81A9-64BBBD5B1977}.Release|Any CPU.Build.0 = Release|Any CPU
	EndGlobalSection
	GlobalSection(SolutionProperties) = preSolution
		HideSolutionNode = FALSE
	EndGlobalSection
	GlobalSection(ExtensibilityGlobals) = postSolution
		SolutionGuid = {B41A88B6-59CC-481A-B8C8-26D6FA2764A6}
	EndGlobalSection
EndGlobal
